
Microsoft Visual Studio Solution File, Format Version 12.00
# Visual Studio 15
VisualStudioVersion = 15.0.28307.645
MinimumVisualStudioVersion = 10.0.40219.1
Project("{FAE04EC0-301F-11D3-BF4B-00C04F79EFBC}") = "CardaPio", "CardaPio\CardaPio.csproj", "{45D7FE15-E023-4719-9CCD-198A819CBB46}"
EndProject
Global
	GlobalSection(SolutionConfigurationPlatforms) = preSolution
		Debug|Any CPU = Debug|Any CPU
		Release|Any CPU = Release|Any CPU
	EndGlobalSection
	GlobalSection(ProjectConfigurationPlatforms) = postSolution
		{45D7FE15-E023-4719-9CCD-198A819CBB46}.Debug|Any CPU.ActiveCfg = Debug|Any CPU
		{45D7FE15-E023-4719-9CCD-198A819CBB46}.Debug|Any CPU.Build.0 = Debug|Any CPU
		{45D7FE15-E023-4719-9CCD-198A819CBB46}.Release|Any CPU.ActiveCfg = Release|Any CPU
		{45D7FE15-E023-4719-9CCD-198A819CBB46}.Release|Any CPU.Build.0 = Release|Any CPU
	EndGlobalSection
	GlobalSection(SolutionProperties) = preSolution
		HideSolutionNode = FALSE
	EndGlobalSection
	GlobalSection(ExtensibilityGlobals) = postSolution
		SolutionGuid = {148EC28F-E000-47C0-85E3-B38B2C441B7C}
	EndGlobalSection
EndGlobal
